
Microsoft Visual Studio Solution File, Format Version 12.00
# Visual Studio 2012
Project("{FAE04EC0-301F-11D3-BF4B-00C04F79EFBC}") = "Samuelito", "Samuelito\Samuelito.csproj", "{6496F85B-1BB6-4878-B028-2E259FE24E11}"
EndProject
Project("{FAE04EC0-301F-11D3-BF4B-00C04F79EFBC}") = "samuelito2", "samuelito2\samuelito2.csproj", "{87841379-0BC9-4966-BA83-5A963423BFCD}"
EndProject
Global
	GlobalSection(SolutionConfigurationPlatforms) = preSolution
		Debug|Any CPU = Debug|Any CPU
		Release|Any CPU = Release|Any CPU
	EndGlobalSection
	GlobalSection(ProjectConfigurationPlatforms) = postSolution
		{6496F85B-1BB6-4878-B028-2E259FE24E11}.Debug|Any CPU.ActiveCfg = Debug|Any CPU
		{6496F85B-1BB6-4878-B028-2E259FE24E11}.Debug|Any CPU.Build.0 = Debug|Any CPU
		{6496F85B-1BB6-4878-B028-2E259FE24E11}.Release|Any CPU.ActiveCfg = Release|Any CPU
		{6496F85B-1BB6-4878-B028-2E259FE24E11}.Release|Any CPU.Build.0 = Release|Any CPU
		{87841379-0BC9-4966-BA83-5A963423BFCD}.Debug|Any CPU.ActiveCfg = Debug|Any CPU
		{87841379-0BC9-4966-BA83-5A963423BFCD}.Debug|Any CPU.Build.0 = Debug|Any CPU
		{87841379-0BC9-4966-BA83-5A963423BFCD}.Release|Any CPU.ActiveCfg = Release|Any CPU
		{87841379-0BC9-4966-BA83-5A963423BFCD}.Release|Any CPU.Build.0 = Release|Any CPU
	EndGlobalSection
	GlobalSection(SolutionProperties) = preSolution
		HideSolutionNode = FALSE
	EndGlobalSection
EndGlobal
